
Microsoft Visual Studio Solution File, Format Version 12.00
Project("{FAE04EC0-301F-11D3-BF4B-00C04F79EFBC}") = "SolidPrinciple", "SolidPrinciple\SolidPrinciple.csproj", "{E75DE5C9-2199-4E3D-9286-34FB0F33F549}"
EndProject
Global
	GlobalSection(SolutionConfigurationPlatforms) = preSolution
		Debug|Any CPU = Debug|Any CPU
		Release|Any CPU = Release|Any CPU
	EndGlobalSection
	GlobalSection(ProjectConfigurationPlatforms) = postSolution
		{E75DE5C9-2199-4E3D-9286-34FB0F33F549}.Debug|Any CPU.ActiveCfg = Debug|Any CPU
		{E75DE5C9-2199-4E3D-9286-34FB0F33F549}.Debug|Any CPU.Build.0 = Debug|Any CPU
		{E75DE5C9-2199-4E3D-9286-34FB0F33F549}.Release|Any CPU.ActiveCfg = Release|Any CPU
		{E75DE5C9-2199-4E3D-9286-34FB0F33F549}.Release|Any CPU.Build.0 = Release|Any CPU
	EndGlobalSection
EndGlobal
